// !$*UTF8*$!
{
	archiveVersion = 1;
	classes = {
	};
	objectVersion = 77;
	objects = {

/* Begin PBXBuildFile section */
		6900EED13002936D0005A39E /* WidgetKit.framework in Frameworks */ = {isa = PBXBuildFile; fileRef = 6953D9AC2FC5D36A00D38AF0 /* WidgetKit.framework */; };
		6900EED23002936D0005A39E /* SwiftUI.framework in Frameworks */ = {isa = PBXBuildFile; fileRef = 6953D9AE2FC5D36A00D38AF0 /* SwiftUI.framework */; };
		6900EEDF3002936F0005A39E /* WastedWidgetsExtension.appex in Embed Foundation Extensions */ = {isa = PBXBuildFile; fileRef = 6900EED03002936C0005A39E /* WastedWidgetsExtension.appex */; settings = {ATTRIBUTES = (RemoveHeadersOnCopy, ); }; };
		6953D9992FC5D31200D38AF0 /* DeviceActivity.framework in Frameworks */ = {isa = PBXBuildFile; fileRef = 6953D9982FC5D31200D38AF0 /* DeviceActivity.framework */; };
		6953D9A12FC5D31200D38AF0 /* DeviceActivityMonitorExt.appex in Embed Foundation Extensions */ = {isa = PBXBuildFile; fileRef = 6953D9962FC5D31200D38AF0 /* DeviceActivityMonitorExt.appex */; settings = {ATTRIBUTES = (RemoveHeadersOnCopy, ); }; };
		6953D9AD2FC5D36A00D38AF0 /* WidgetKit.framework in Frameworks */ = {isa = PBXBuildFile; fileRef = 6953D9AC2FC5D36A00D38AF0 /* WidgetKit.framework */; };
		6953D9AF2FC5D36A00D38AF0 /* SwiftUI.framework in Frameworks */ = {isa = PBXBuildFile; fileRef = 6953D9AE2FC5D36A00D38AF0 /* SwiftUI.framework */; };
		6953D9C02FC5D36B00D38AF0 /* LiveActivityExtExtension.appex in Embed Foundation Extensions */ = {isa = PBXBuildFile; fileRef = 6953D9AB2FC5D36A00D38AF0 /* LiveActivityExtExtension.appex */; settings = {ATTRIBUTES = (RemoveHeadersOnCopy, ); }; };
/* End PBXBuildFile section */

/* Begin PBXContainerItemProxy section */
		6900EEDD3002936F0005A39E /* PBXContainerItemProxy */ = {
			isa = PBXContainerItemProxy;
			containerPortal = 6953D97C2FC5D22B00D38AF0 /* Project object */;
			proxyType = 1;
			remoteGlobalIDString = 6900EECF3002936C0005A39E;
			remoteInfo = WastedWidgetsExtension;
		};
		6953D99F2FC5D31200D38AF0 /* PBXContainerItemProxy */ = {
			isa = PBXContainerItemProxy;
			containerPortal = 6953D97C2FC5D22B00D38AF0 /* Project object */;
			proxyType = 1;
			remoteGlobalIDString = 6953D9952FC5D31200D38AF0;
			remoteInfo = DeviceActivityMonitorExt;
		};
		6953D9BE2FC5D36B00D38AF0 /* PBXContainerItemProxy */ = {
			isa = PBXContainerItemProxy;
			containerPortal = 6953D97C2FC5D22B00D38AF0 /* Project object */;
			proxyType = 1;
			remoteGlobalIDString = 6953D9AA2FC5D36A00D38AF0;
			remoteInfo = LiveActivityExtExtension;
		};
		6953D9CD2FC5D3C200D38AF0 /* PBXContainerItemProxy */ = {
			isa = PBXContainerItemProxy;
			containerPortal = 6953D97C2FC5D22B00D38AF0 /* Project object */;
			proxyType = 1;
			remoteGlobalIDString = 6953D9832FC5D22C00D38AF0;
			remoteInfo = Wasted;
		};
/* End PBXContainerItemProxy section */

/* Begin PBXCopyFilesBuildPhase section */
		6953D9A62FC5D31200D38AF0 /* Embed Foundation Extensions */ = {
			isa = PBXCopyFilesBuildPhase;
			buildActionMask = 2147483647;
			dstPath = "";
			dstSubfolderSpec = 13;
			files = (
				6900EEDF3002936F0005A39E /* WastedWidgetsExtension.appex in Embed Foundation Extensions */,
				6953D9A12FC5D31200D38AF0 /* DeviceActivityMonitorExt.appex in Embed Foundation Extensions */,
				6953D9C02FC5D36B00D38AF0 /* LiveActivityExtExtension.appex in Embed Foundation Extensions */,
			);
			name = "Embed Foundation Extensions";
			runOnlyForDeploymentPostprocessing = 0;
		};
/* End PBXCopyFilesBuildPhase section */

/* Begin PBXFileReference section */
		6900EED03002936C0005A39E /* WastedWidgetsExtension.appex */ = {isa = PBXFileReference; explicitFileType = "wrapper.app-extension"; includeInIndex = 0; path = WastedWidgetsExtension.appex; sourceTree = BUILT_PRODUCTS_DIR; };
		6953D9842FC5D22C00D38AF0 /* Wasted.app */ = {isa = PBXFileReference; explicitFileType = wrapper.application; includeInIndex = 0; path = Wasted.app; sourceTree = BUILT_PRODUCTS_DIR; };
		6953D9962FC5D31200D38AF0 /* DeviceActivityMonitorExt.appex */ = {isa = PBXFileReference; explicitFileType = "wrapper.app-extension"; includeInIndex = 0; path = DeviceActivityMonitorExt.appex; sourceTree = BUILT_PRODUCTS_DIR; };
		6953D9982FC5D31200D38AF0 /* DeviceActivity.framework */ = {isa = PBXFileReference; lastKnownFileType = wrapper.framework; name = DeviceActivity.framework; path = System/Library/Frameworks/DeviceActivity.framework; sourceTree = SDKROOT; };
		6953D9AB2FC5D36A00D38AF0 /* LiveActivityExtExtension.appex */ = {isa = PBXFileReference; explicitFileType = "wrapper.app-extension"; includeInIndex = 0; path = LiveActivityExtExtension.appex; sourceTree = BUILT_PRODUCTS_DIR; };
		6953D9AC2FC5D36A00D38AF0 /* WidgetKit.framework */ = {isa = PBXFileReference; lastKnownFileType = wrapper.framework; name = WidgetKit.framework; path = System/Library/Frameworks/WidgetKit.framework; sourceTree = SDKROOT; };
		6953D9AE2FC5D36A00D38AF0 /* SwiftUI.framework */ = {isa = PBXFileReference; lastKnownFileType = wrapper.framework; name = SwiftUI.framework; path = System/Library/Frameworks/SwiftUI.framework; sourceTree = SDKROOT; };
		6953D9C92FC5D3C200D38AF0 /* WastedTests.xctest */ = {isa = PBXFileReference; explicitFileType = wrapper.cfbundle; includeInIndex = 0; path = WastedTests.xctest; sourceTree = BUILT_PRODUCTS_DIR; };
/* End PBXFileReference section */

/* Begin PBXFileSystemSynchronizedBuildFileExceptionSet section */
		6900EEE23002936F0005A39E /* Exceptions for "WastedWidgets" folder in "WastedWidgetsExtension" target */ = {
			isa = PBXFileSystemSynchronizedBuildFileExceptionSet;
			membershipExceptions = (
				Info.plist,
			);
			target = 6900EECF3002936C0005A39E /* WastedWidgetsExtension */;
		};
		6900EEE43002936F0005A39E /* Exceptions for "Wasted" folder in "WastedWidgetsExtension" target */ = {
			isa = PBXFileSystemSynchronizedBuildFileExceptionSet;
			membershipExceptions = (
				Shared/Diagnostics/EventLog.swift,
				Shared/Models/AppGroupKeys.swift,
				Shared/Models/DailyUsage.swift,
				Shared/Models/HourlyUsage.swift,
				Shared/Nudges.swift,
				Shared/Storage/UsageStore.swift,
				Shared/TrialClock.swift,
				Theme.swift,
			);
			target = 6900EECF3002936C0005A39E /* WastedWidgetsExtension */;
		};
		6953D9A22FC5D31200D38AF0 /* Exceptions for "DeviceActivityMonitorExt" folder in "DeviceActivityMonitorExt" target */ = {
			isa = PBXFileSystemSynchronizedBuildFileExceptionSet;
			membershipExceptions = (
				Info.plist,
			);
			target = 6953D9952FC5D31200D38AF0 /* DeviceActivityMonitorExt */;
		};
		6953D9C12FC5D36B00D38AF0 /* Exceptions for "LiveActivityExt" folder in "LiveActivityExtExtension" target */ = {
			isa = PBXFileSystemSynchronizedBuildFileExceptionSet;
			membershipExceptions = (
				Info.plist,
			);
			target = 6953D9AA2FC5D36A00D38AF0 /* LiveActivityExtExtension */;
		};
		6953DA132FC5E09800D38AF0 /* Exceptions for "Wasted" folder in "DeviceActivityMonitorExt" target */ = {
			isa = PBXFileSystemSynchronizedBuildFileExceptionSet;
			membershipExceptions = (
				Shared/DailyReceipt.swift,
				Shared/Diagnostics/EventLog.swift,
				Shared/EquivalentTaskMapper.swift,
				Shared/LiveActivity/TimeTrackerAttributes.swift,
				Shared/LiveActivityManager.swift,
				Shared/Models/AppGroupKeys.swift,
				Shared/Models/DailyUsage.swift,
				Shared/Models/HourlyUsage.swift,
				Shared/MorningReport.swift,
				Shared/Nudges.swift,
				Shared/ReceiptScheduler.swift,
				Shared/Storage/UsageStore.swift,
				Shared/TrialClock.swift,
			);
			target = 6953D9952FC5D31200D38AF0 /* DeviceActivityMonitorExt */;
		};
		6953DA162FC5E0B500D38AF0 /* Exceptions for "Wasted" folder in "LiveActivityExtExtension" target */ = {
			isa = PBXFileSystemSynchronizedBuildFileExceptionSet;
			membershipExceptions = (
				Shared/Diagnostics/EventLog.swift,
				Shared/EquivalentTaskMapper.swift,
				Shared/LiveActivity/TimeTrackerAttributes.swift,
				Shared/Models/AppGroupKeys.swift,
			);
			target = 6953D9AA2FC5D36A00D38AF0 /* LiveActivityExtExtension */;
		};
/* End PBXFileSystemSynchronizedBuildFileExceptionSet section */

/* Begin PBXFileSystemSynchronizedRootGroup section */
		6900EED33002936D0005A39E /* WastedWidgets */ = {
			isa = PBXFileSystemSynchronizedRootGroup;
			exceptions = (
				6900EEE23002936F0005A39E /* Exceptions for "WastedWidgets" folder in "WastedWidgetsExtension" target */,
			);
			path = WastedWidgets;
			sourceTree = "<group>";
		};
		6953D9862FC5D22C00D38AF0 /* Wasted */ = {
			isa = PBXFileSystemSynchronizedRootGroup;
			exceptions = (
				6953DA132FC5E09800D38AF0 /* Exceptions for "Wasted" folder in "DeviceActivityMonitorExt" target */,
				6953DA162FC5E0B500D38AF0 /* Exceptions for "Wasted" folder in "LiveActivityExtExtension" target */,
				6900EEE43002936F0005A39E /* Exceptions for "Wasted" folder in "WastedWidgetsExtension" target */,
			);
			path = Wasted;
			sourceTree = "<group>";
		};
		6953D99A2FC5D31200D38AF0 /* DeviceActivityMonitorExt */ = {
			isa = PBXFileSystemSynchronizedRootGroup;
			exceptions = (
				6953D9A22FC5D31200D38AF0 /* Exceptions for "DeviceActivityMonitorExt" folder in "DeviceActivityMonitorExt" target */,
			);
			path = DeviceActivityMonitorExt;
			sourceTree = "<group>";
		};
		6953D9B02FC5D36A00D38AF0 /* LiveActivityExt */ = {
			isa = PBXFileSystemSynchronizedRootGroup;
			exceptions = (
				6953D9C12FC5D36B00D38AF0 /* Exceptions for "LiveActivityExt" folder in "LiveActivityExtExtension" target */,
			);
			path = LiveActivityExt;
			sourceTree = "<group>";
		};
		6953D9CA2FC5D3C200D38AF0 /* WastedTests */ = {
			isa = PBXFileSystemSynchronizedRootGroup;
			path = WastedTests;
			sourceTree = "<group>";
		};
/* End PBXFileSystemSynchronizedRootGroup section */

/* Begin PBXFrameworksBuildPhase section */
		6900EECD3002936C0005A39E /* Frameworks */ = {
			isa = PBXFrameworksBuildPhase;
			buildActionMask = 2147483647;
			files = (
				6900EED23002936D0005A39E /* SwiftUI.framework in Frameworks */,
				6900EED13002936D0005A39E /* WidgetKit.framework in Frameworks */,
			);
			runOnlyForDeploymentPostprocessing = 0;
		};
		6953D9812FC5D22C00D38AF0 /* Frameworks */ = {
			isa = PBXFrameworksBuildPhase;
			buildActionMask = 2147483647;
			files = (
			);
			runOnlyForDeploymentPostprocessing = 0;
		};
		6953D9932FC5D31200D38AF0 /* Frameworks */ = {
			isa = PBXFrameworksBuildPhase;
			buildActionMask = 2147483647;
			files = (
				6953D9992FC5D31200D38AF0 /* DeviceActivity.framework in Frameworks */,
			);
			runOnlyForDeploymentPostprocessing = 0;
		};
		6953D9A82FC5D36A00D38AF0 /* Frameworks */ = {
			isa = PBXFrameworksBuildPhase;
			buildActionMask = 2147483647;
			files = (
				6953D9AF2FC5D36A00D38AF0 /* SwiftUI.framework in Frameworks */,
				6953D9AD2FC5D36A00D38AF0 /* WidgetKit.framework in Frameworks */,
			);
			runOnlyForDeploymentPostprocessing = 0;
		};
		6953D9C62FC5D3C200D38AF0 /* Frameworks */ = {
			isa = PBXFrameworksBuildPhase;
			buildActionMask = 2147483647;
			files = (
			);
			runOnlyForDeploymentPostprocessing = 0;
		};
/* End PBXFrameworksBuildPhase section */

/* Begin PBXGroup section */
		6953D97B2FC5D22B00D38AF0 = {
			isa = PBXGroup;
			children = (
				6953D9862FC5D22C00D38AF0 /* Wasted */,
				6953D99A2FC5D31200D38AF0 /* DeviceActivityMonitorExt */,
				6953D9B02FC5D36A00D38AF0 /* LiveActivityExt */,
				6953D9CA2FC5D3C200D38AF0 /* WastedTests */,
				6900EED33002936D0005A39E /* WastedWidgets */,
				6953D9972FC5D31200D38AF0 /* Frameworks */,
				6953D9852FC5D22C00D38AF0 /* Products */,
			);
			sourceTree = "<group>";
		};
		6953D9852FC5D22C00D38AF0 /* Products */ = {
			isa = PBXGroup;
			children = (
				6953D9842FC5D22C00D38AF0 /* Wasted.app */,
				6953D9962FC5D31200D38AF0 /* DeviceActivityMonitorExt.appex */,
				6953D9AB2FC5D36A00D38AF0 /* LiveActivityExtExtension.appex */,
				6953D9C92FC5D3C200D38AF0 /* WastedTests.xctest */,
				6900EED03002936C0005A39E /* WastedWidgetsExtension.appex */,
			);
			name = Products;
			sourceTree = "<group>";
		};
		6953D9972FC5D31200D38AF0 /* Frameworks */ = {
			isa = PBXGroup;
			children = (
				6953D9982FC5D31200D38AF0 /* DeviceActivity.framework */,
				6953D9AC2FC5D36A00D38AF0 /* WidgetKit.framework */,
				6953D9AE2FC5D36A00D38AF0 /* SwiftUI.framework */,
			);
			name = Frameworks;
			sourceTree = "<group>";
		};
/* End PBXGroup section */

/* Begin PBXNativeTarget section */
		6900EECF3002936C0005A39E /* WastedWidgetsExtension */ = {
			isa = PBXNativeTarget;
			buildConfigurationList = 6900EEE33002936F0005A39E /* Build configuration list for PBXNativeTarget "WastedWidgetsExtension" */;
			buildPhases = (
				6900EECC3002936C0005A39E /* Sources */,
				6900EECD3002936C0005A39E /* Frameworks */,
				6900EECE3002936C0005A39E /* Resources */,
			);
			buildRules = (
			);
			dependencies = (
			);
			fileSystemSynchronizedGroups = (
				6900EED33002936D0005A39E /* WastedWidgets */,
			);
			name = WastedWidgetsExtension;
			packageProductDependencies = (
			);
			productName = WastedWidgetsExtension;
			productReference = 6900EED03002936C0005A39E /* WastedWidgetsExtension.appex */;
			productType = "com.apple.product-type.app-extension";
		};
		6953D9832FC5D22C00D38AF0 /* Wasted */ = {
			isa = PBXNativeTarget;
			buildConfigurationList = 6953D98F2FC5D22E00D38AF0 /* Build configuration list for PBXNativeTarget "Wasted" */;
			buildPhases = (
				6953D9802FC5D22C00D38AF0 /* Sources */,
				6953D9812FC5D22C00D38AF0 /* Frameworks */,
				6953D9822FC5D22C00D38AF0 /* Resources */,
				6953D9A62FC5D31200D38AF0 /* Embed Foundation Extensions */,
			);
			buildRules = (
			);
			dependencies = (
				6953D9A02FC5D31200D38AF0 /* PBXTargetDependency */,
				6953D9BF2FC5D36B00D38AF0 /* PBXTargetDependency */,
				6900EEDE3002936F0005A39E /* PBXTargetDependency */,
			);
			fileSystemSynchronizedGroups = (
				6953D9862FC5D22C00D38AF0 /* Wasted */,
			);
			name = Wasted;
			packageProductDependencies = (
			);
			productName = Wasted;
			productReference = 6953D9842FC5D22C00D38AF0 /* Wasted.app */;
			productType = "com.apple.product-type.application";
		};
		6953D9952FC5D31200D38AF0 /* DeviceActivityMonitorExt */ = {
			isa = PBXNativeTarget;
			buildConfigurationList = 6953D9A32FC5D31200D38AF0 /* Build configuration list for PBXNativeTarget "DeviceActivityMonitorExt" */;
			buildPhases = (
				6953D9922FC5D31200D38AF0 /* Sources */,
				6953D9932FC5D31200D38AF0 /* Frameworks */,
				6953D9942FC5D31200D38AF0 /* Resources */,
			);
			buildRules = (
			);
			dependencies = (
			);
			fileSystemSynchronizedGroups = (
				6953D99A2FC5D31200D38AF0 /* DeviceActivityMonitorExt */,
			);
			name = DeviceActivityMonitorExt;
			packageProductDependencies = (
			);
			productName = DeviceActivityMonitorExt;
			productReference = 6953D9962FC5D31200D38AF0 /* DeviceActivityMonitorExt.appex */;
			productType = "com.apple.product-type.app-extension";
		};
		6953D9AA2FC5D36A00D38AF0 /* LiveActivityExtExtension */ = {
			isa = PBXNativeTarget;
			buildConfigurationList = 6953D9C22FC5D36B00D38AF0 /* Build configuration list for PBXNativeTarget "LiveActivityExtExtension" */;
			buildPhases = (
				6953D9A72FC5D36A00D38AF0 /* Sources */,
				6953D9A82FC5D36A00D38AF0 /* Frameworks */,
				6953D9A92FC5D36A00D38AF0 /* Resources */,
			);
			buildRules = (
			);
			dependencies = (
			);
			fileSystemSynchronizedGroups = (
				6953D9B02FC5D36A00D38AF0 /* LiveActivityExt */,
			);
			name = LiveActivityExtExtension;
			packageProductDependencies = (
			);
			productName = LiveActivityExtExtension;
			productReference = 6953D9AB2FC5D36A00D38AF0 /* LiveActivityExtExtension.appex */;
			productType = "com.apple.product-type.app-extension";
		};
		6953D9C82FC5D3C200D38AF0 /* WastedTests */ = {
			isa = PBXNativeTarget;
			buildConfigurationList = 6953D9CF2FC5D3C200D38AF0 /* Build configuration list for PBXNativeTarget "WastedTests" */;
			buildPhases = (
				6953D9C52FC5D3C200D38AF0 /* Sources */,
				6953D9C62FC5D3C200D38AF0 /* Frameworks */,
				6953D9C72FC5D3C200D38AF0 /* Resources */,
			);
			buildRules = (
			);
			dependencies = (
				6953D9CE2FC5D3C200D38AF0 /* PBXTargetDependency */,
			);
			fileSystemSynchronizedGroups = (
				6953D9CA2FC5D3C200D38AF0 /* WastedTests */,
			);
			name = WastedTests;
			packageProductDependencies = (
			);
			productName = WastedTests;
			productReference = 6953D9C92FC5D3C200D38AF0 /* WastedTests.xctest */;
			productType = "com.apple.product-type.bundle.unit-test";
		};
/* End PBXNativeTarget section */

/* Begin PBXProject section */
		6953D97C2FC5D22B00D38AF0 /* Project object */ = {
			isa = PBXProject;
			attributes = {
				BuildIndependentTargetsInParallel = 1;
				LastSwiftUpdateCheck = 2660;
				LastUpgradeCheck = 2650;
				TargetAttributes = {
					6900EECF3002936C0005A39E = {
						CreatedOnToolsVersion = 26.6;
					};
					6953D9832FC5D22C00D38AF0 = {
						CreatedOnToolsVersion = 26.5;
					};
					6953D9952FC5D31200D38AF0 = {
						CreatedOnToolsVersion = 26.5;
					};
					6953D9AA2FC5D36A00D38AF0 = {
						CreatedOnToolsVersion = 26.5;
					};
					6953D9C82FC5D3C200D38AF0 = {
						CreatedOnToolsVersion = 26.5;
						TestTargetID = 6953D9832FC5D22C00D38AF0;
					};
				};
			};
			buildConfigurationList = 6953D97F2FC5D22B00D38AF0 /* Build configuration list for PBXProject "Wasted" */;
			developmentRegion = en;
			hasScannedForEncodings = 0;
			knownRegions = (
				en,
				Base,
			);
			mainGroup = 6953D97B2FC5D22B00D38AF0;
			minimizedProjectReferenceProxies = 1;
			preferredProjectObjectVersion = 77;
			productRefGroup = 6953D9852FC5D22C00D38AF0 /* Products */;
			projectDirPath = "";
			projectRoot = "";
			targets = (
				6953D9832FC5D22C00D38AF0 /* Wasted */,
				6953D9952FC5D31200D38AF0 /* DeviceActivityMonitorExt */,
				6953D9AA2FC5D36A00D38AF0 /* LiveActivityExtExtension */,
				6953D9C82FC5D3C200D38AF0 /* WastedTests */,
				6900EECF3002936C0005A39E /* WastedWidgetsExtension */,
			);
		};
/* End PBXProject section */

/* Begin PBXResourcesBuildPhase section */
		6900EECE3002936C0005A39E /* Resources */ = {
			isa = PBXResourcesBuildPhase;
			buildActionMask = 2147483647;
			files = (
			);
			runOnlyForDeploymentPostprocessing = 0;
		};
		6953D9822FC5D22C00D38AF0 /* Resources */ = {
			isa = PBXResourcesBuildPhase;
			buildActionMask = 2147483647;
			files = (
			);
			runOnlyForDeploymentPostprocessing = 0;
		};
		6953D9942FC5D31200D38AF0 /* Resources */ = {
			isa = PBXResourcesBuildPhase;
			buildActionMask = 2147483647;
			files = (
			);
			runOnlyForDeploymentPostprocessing = 0;
		};
		6953D9A92FC5D36A00D38AF0 /* Resources */ = {
			isa = PBXResourcesBuildPhase;
			buildActionMask = 2147483647;
			files = (
			);
			runOnlyForDeploymentPostprocessing = 0;
		};
		6953D9C72FC5D3C200D38AF0 /* Resources */ = {
			isa = PBXResourcesBuildPhase;
			buildActionMask = 2147483647;
			files = (
			);
			runOnlyForDeploymentPostprocessing = 0;
		};
/* End PBXResourcesBuildPhase section */

/* Begin PBXSourcesBuildPhase section */
		6900EECC3002936C0005A39E /* Sources */ = {
			isa = PBXSourcesBuildPhase;
			buildActionMask = 2147483647;
			files = (
			);
			runOnlyForDeploymentPostprocessing = 0;
		};
		6953D9802FC5D22C00D38AF0 /* Sources */ = {
			isa = PBXSourcesBuildPhase;
			buildActionMask = 2147483647;
			files = (
			);
			runOnlyForDeploymentPostprocessing = 0;
		};
		6953D9922FC5D31200D38AF0 /* Sources */ = {
			isa = PBXSourcesBuildPhase;
			buildActionMask = 2147483647;
			files = (
			);
			runOnlyForDeploymentPostprocessing = 0;
		};
		6953D9A72FC5D36A00D38AF0 /* Sources */ = {
			isa = PBXSourcesBuildPhase;
			buildActionMask = 2147483647;
			files = (
			);
			runOnlyForDeploymentPostprocessing = 0;
		};
		6953D9C52FC5D3C200D38AF0 /* Sources */ = {
			isa = PBXSourcesBuildPhase;
			buildActionMask = 2147483647;
			files = (
			);
			runOnlyForDeploymentPostprocessing = 0;
		};
/* End PBXSourcesBuildPhase section */

/* Begin PBXTargetDependency section */
		6900EEDE3002936F0005A39E /* PBXTargetDependency */ = {
			isa = PBXTargetDependency;
			target = 6900EECF3002936C0005A39E /* WastedWidgetsExtension */;
			targetProxy = 6900EEDD3002936F0005A39E /* PBXContainerItemProxy */;
		};
		6953D9A02FC5D31200D38AF0 /* PBXTargetDependency */ = {
			isa = PBXTargetDependency;
			target = 6953D9952FC5D31200D38AF0 /* DeviceActivityMonitorExt */;
			targetProxy = 6953D99F2FC5D31200D38AF0 /* PBXContainerItemProxy */;
		};
		6953D9BF2FC5D36B00D38AF0 /* PBXTargetDependency */ = {
			isa = PBXTargetDependency;
			target = 6953D9AA2FC5D36A00D38AF0 /* LiveActivityExtExtension */;
			targetProxy = 6953D9BE2FC5D36B00D38AF0 /* PBXContainerItemProxy */;
		};
		6953D9CE2FC5D3C200D38AF0 /* PBXTargetDependency */ = {
			isa = PBXTargetDependency;
			target = 6953D9832FC5D22C00D38AF0 /* Wasted */;
			targetProxy = 6953D9CD2FC5D3C200D38AF0 /* PBXContainerItemProxy */;
		};
/* End PBXTargetDependency section */

/* Begin XCBuildConfiguration section */
		6900EEE03002936F0005A39E /* Debug */ = {
			isa = XCBuildConfiguration;
			buildSettings = {
				ASSETCATALOG_COMPILER_GLOBAL_ACCENT_COLOR_NAME = AccentColor;
				ASSETCATALOG_COMPILER_WIDGET_BACKGROUND_COLOR_NAME = WidgetBackground;
				CODE_SIGN_ENTITLEMENTS = WastedWidgets/WastedWidgets.entitlements;
				CODE_SIGN_STYLE = Automatic;
				CURRENT_PROJECT_VERSION = 2;
				DEVELOPMENT_TEAM = ZZZ87SSQ8S;
				GENERATE_INFOPLIST_FILE = YES;
				INFOPLIST_FILE = WastedWidgets/Info.plist;
				INFOPLIST_KEY_CFBundleDisplayName = WastedWidgets;
				INFOPLIST_KEY_NSHumanReadableCopyright = "";
				LD_RUNPATH_SEARCH_PATHS = (
					"$(inherited)",
					"@executable_path/Frameworks",
					"@executable_path/../../Frameworks",
				);
				MARKETING_VERSION = 1.0;
				PRODUCT_BUNDLE_IDENTIFIER = com.sanskar.Wasted.WastedWidgets;
				PRODUCT_NAME = "$(TARGET_NAME)";
				SKIP_INSTALL = YES;
				STRING_CATALOG_GENERATE_SYMBOLS = YES;
				SWIFT_APPROACHABLE_CONCURRENCY = YES;
				SWIFT_EMIT_LOC_STRINGS = YES;
				SWIFT_UPCOMING_FEATURE_MEMBER_IMPORT_VISIBILITY = YES;
				SWIFT_VERSION = 5.0;
				TARGETED_DEVICE_FAMILY = "1,2";
			};
			name = Debug;
		};
		6900EEE13002936F0005A39E /* Release */ = {
			isa = XCBuildConfiguration;
			buildSettings = {
				ASSETCATALOG_COMPILER_GLOBAL_ACCENT_COLOR_NAME = AccentColor;
				ASSETCATALOG_COMPILER_WIDGET_BACKGROUND_COLOR_NAME = WidgetBackground;
				CODE_SIGN_ENTITLEMENTS = WastedWidgets/WastedWidgets.entitlements;
				CODE_SIGN_STYLE = Automatic;
				CURRENT_PROJECT_VERSION = 2;
				DEVELOPMENT_TEAM = ZZZ87SSQ8S;
				GENERATE_INFOPLIST_FILE = YES;
				INFOPLIST_FILE = WastedWidgets/Info.plist;
				INFOPLIST_KEY_CFBundleDisplayName = WastedWidgets;
				INFOPLIST_KEY_NSHumanReadableCopyright = "";
				LD_RUNPATH_SEARCH_PATHS = (
					"$(inherited)",
					"@executable_path/Frameworks",
					"@executable_path/../../Frameworks",
				);
				MARKETING_VERSION = 1.0;
				PRODUCT_BUNDLE_IDENTIFIER = com.sanskar.Wasted.WastedWidgets;
				PRODUCT_NAME = "$(TARGET_NAME)";
				SKIP_INSTALL = YES;
				STRING_CATALOG_GENERATE_SYMBOLS = YES;
				SWIFT_APPROACHABLE_CONCURRENCY = YES;
				SWIFT_EMIT_LOC_STRINGS = YES;
				SWIFT_UPCOMING_FEATURE_MEMBER_IMPORT_VISIBILITY = YES;
				SWIFT_VERSION = 5.0;
				TARGETED_DEVICE_FAMILY = "1,2";
			};
			name = Release;
		};
		6953D98D2FC5D22E00D38AF0 /* Debug */ = {
			isa = XCBuildConfiguration;
			buildSettings = {
				ALWAYS_SEARCH_USER_PATHS = NO;
				ASSETCATALOG_COMPILER_GENERATE_SWIFT_ASSET_SYMBOL_EXTENSIONS = YES;
				CLANG_ANALYZER_NONNULL = YES;
				CLANG_ANALYZER_NUMBER_OBJECT_CONVERSION = YES_AGGRESSIVE;
				CLANG_CXX_LANGUAGE_STANDARD = "gnu++20";
				CLANG_ENABLE_MODULES = YES;
				CLANG_ENABLE_OBJC_ARC = YES;
				CLANG_ENABLE_OBJC_WEAK = YES;
				CLANG_WARN_BLOCK_CAPTURE_AUTORELEASING = YES;
				CLANG_WARN_BOOL_CONVERSION = YES;
				CLANG_WARN_COMMA = YES;
				CLANG_WARN_CONSTANT_CONVERSION = YES;
				CLANG_WARN_DEPRECATED_OBJC_IMPLEMENTATIONS = YES;
				CLANG_WARN_DIRECT_OBJC_ISA_USAGE = YES_ERROR;
				CLANG_WARN_DOCUMENTATION_COMMENTS = YES;
				CLANG_WARN_EMPTY_BODY = YES;
				CLANG_WARN_ENUM_CONVERSION = YES;
				CLANG_WARN_INFINITE_RECURSION = YES;
				CLANG_WARN_INT_CONVERSION = YES;
				CLANG_WARN_NON_LITERAL_NULL_CONVERSION = YES;
				CLANG_WARN_OBJC_IMPLICIT_RETAIN_SELF = YES;
				CLANG_WARN_OBJC_LITERAL_CONVERSION = YES;
				CLANG_WARN_OBJC_ROOT_CLASS = YES_ERROR;
				CLANG_WARN_QUOTED_INCLUDE_IN_FRAMEWORK_HEADER = YES;
				CLANG_WARN_RANGE_LOOP_ANALYSIS = YES;
				CLANG_WARN_STRICT_PROTOTYPES = YES;
				CLANG_WARN_SUSPICIOUS_MOVE = YES;
				CLANG_WARN_UNGUARDED_AVAILABILITY = YES_AGGRESSIVE;
				CLANG_WARN_UNREACHABLE_CODE = YES;
				CLANG_WARN__DUPLICATE_METHOD_MATCH = YES;
				COPY_PHASE_STRIP = NO;
				DEBUG_INFORMATION_FORMAT = dwarf;
				DEVELOPMENT_TEAM = ZZZ87SSQ8S;
				ENABLE_DEBUG_DYLIB = NO;
				ENABLE_STRICT_OBJC_MSGSEND = YES;
				ENABLE_TESTABILITY = YES;
				ENABLE_USER_SCRIPT_SANDBOXING = YES;
				GCC_C_LANGUAGE_STANDARD = gnu17;
				GCC_DYNAMIC_NO_PIC = NO;
				GCC_NO_COMMON_BLOCKS = YES;
				GCC_OPTIMIZATION_LEVEL = 0;
				GCC_PREPROCESSOR_DEFINITIONS = (
					"DEBUG=1",
					"$(inherited)",
				);
				GCC_WARN_64_TO_32_BIT_CONVERSION = YES;
				GCC_WARN_ABOUT_RETURN_TYPE = YES_ERROR;
				GCC_WARN_UNDECLARED_SELECTOR = YES;
				GCC_WARN_UNINITIALIZED_AUTOS = YES_AGGRESSIVE;
				GCC_WARN_UNUSED_FUNCTION = YES;
				GCC_WARN_UNUSED_VARIABLE = YES;
				IPHONEOS_DEPLOYMENT_TARGET = 26.5;
				LOCALIZATION_PREFERS_STRING_CATALOGS = YES;
				MTL_ENABLE_DEBUG_INFO = INCLUDE_SOURCE;
				MTL_FAST_MATH = YES;
				ONLY_ACTIVE_ARCH = YES;
				SDKROOT = iphoneos;
				SWIFT_ACTIVE_COMPILATION_CONDITIONS = "DEBUG $(inherited)";
				SWIFT_OPTIMIZATION_LEVEL = "-Onone";
			};
			name = Debug;
		};
		6953D98E2FC5D22E00D38AF0 /* Release */ = {
			isa = XCBuildConfiguration;
			buildSettings = {
				ALWAYS_SEARCH_USER_PATHS = NO;
				ASSETCATALOG_COMPILER_GENERATE_SWIFT_ASSET_SYMBOL_EXTENSIONS = YES;
				CLANG_ANALYZER_NONNULL = YES;
				CLANG_ANALYZER_NUMBER_OBJECT_CONVERSION = YES_AGGRESSIVE;
				CLANG_CXX_LANGUAGE_STANDARD = "gnu++20";
				CLANG_ENABLE_MODULES = YES;
				CLANG_ENABLE_OBJC_ARC = YES;
				CLANG_ENABLE_OBJC_WEAK = YES;
				CLANG_WARN_BLOCK_CAPTURE_AUTORELEASING = YES;
				CLANG_WARN_BOOL_CONVERSION = YES;
				CLANG_WARN_COMMA = YES;
				CLANG_WARN_CONSTANT_CONVERSION = YES;
				CLANG_WARN_DEPRECATED_OBJC_IMPLEMENTATIONS = YES;
				CLANG_WARN_DIRECT_OBJC_ISA_USAGE = YES_ERROR;
				CLANG_WARN_DOCUMENTATION_COMMENTS = YES;
				CLANG_WARN_EMPTY_BODY = YES;
				CLANG_WARN_ENUM_CONVERSION = YES;
				CLANG_WARN_INFINITE_RECURSION = YES;
				CLANG_WARN_INT_CONVERSION = YES;
				CLANG_WARN_NON_LITERAL_NULL_CONVERSION = YES;
				CLANG_WARN_OBJC_IMPLICIT_RETAIN_SELF = YES;
				CLANG_WARN_OBJC_LITERAL_CONVERSION = YES;
				CLANG_WARN_OBJC_ROOT_CLASS = YES_ERROR;
				CLANG_WARN_QUOTED_INCLUDE_IN_FRAMEWORK_HEADER = YES;
				CLANG_WARN_RANGE_LOOP_ANALYSIS = YES;
				CLANG_WARN_STRICT_PROTOTYPES = YES;
				CLANG_WARN_SUSPICIOUS_MOVE = YES;
				CLANG_WARN_UNGUARDED_AVAILABILITY = YES_AGGRESSIVE;
				CLANG_WARN_UNREACHABLE_CODE = YES;
				CLANG_WARN__DUPLICATE_METHOD_MATCH = YES;
				COPY_PHASE_STRIP = NO;
				DEBUG_INFORMATION_FORMAT = "dwarf-with-dsym";
				DEVELOPMENT_TEAM = ZZZ87SSQ8S;
				ENABLE_DEBUG_DYLIB = NO;
				ENABLE_NS_ASSERTIONS = NO;
				ENABLE_STRICT_OBJC_MSGSEND = YES;
				ENABLE_USER_SCRIPT_SANDBOXING = YES;
				GCC_C_LANGUAGE_STANDARD = gnu17;
				GCC_NO_COMMON_BLOCKS = YES;
				GCC_WARN_64_TO_32_BIT_CONVERSION = YES;
				GCC_WARN_ABOUT_RETURN_TYPE = YES_ERROR;
				GCC_WARN_UNDECLARED_SELECTOR = YES;
				GCC_WARN_UNINITIALIZED_AUTOS = YES_AGGRESSIVE;
				GCC_WARN_UNUSED_FUNCTION = YES;
				GCC_WARN_UNUSED_VARIABLE = YES;
				IPHONEOS_DEPLOYMENT_TARGET = 26.5;
				LOCALIZATION_PREFERS_STRING_CATALOGS = YES;
				MTL_ENABLE_DEBUG_INFO = NO;
				MTL_FAST_MATH = YES;
				SDKROOT = iphoneos;
				SWIFT_COMPILATION_MODE = wholemodule;
				VALIDATE_PRODUCT = YES;
			};
			name = Release;
		};
		6953D9902FC5D22E00D38AF0 /* Debug */ = {
			isa = XCBuildConfiguration;
			buildSettings = {
				ASSETCATALOG_COMPILER_APPICON_NAME = AppIcon;
				ASSETCATALOG_COMPILER_GLOBAL_ACCENT_COLOR_NAME = AccentColor;
				CODE_SIGN_ENTITLEMENTS = Wasted/Wasted.entitlements;
				CODE_SIGN_STYLE = Automatic;
				CURRENT_PROJECT_VERSION = 2;
				DEVELOPMENT_TEAM = ZZZ87SSQ8S;
				ENABLE_PREVIEWS = YES;
				GENERATE_INFOPLIST_FILE = YES;
				INFOPLIST_FILE = Info.plist;
				INFOPLIST_KEY_NSSupportsLiveActivities = YES;
				INFOPLIST_KEY_UIApplicationSceneManifest_Generation = YES;
				INFOPLIST_KEY_UIApplicationSupportsIndirectInputEvents = YES;
				INFOPLIST_KEY_UILaunchScreen_Generation = YES;
				INFOPLIST_KEY_UISupportedInterfaceOrientations_iPad = "UIInterfaceOrientationPortrait UIInterfaceOrientationPortraitUpsideDown UIInterfaceOrientationLandscapeLeft UIInterfaceOrientationLandscapeRight";
				INFOPLIST_KEY_UISupportedInterfaceOrientations_iPhone = "UIInterfaceOrientationPortrait UIInterfaceOrientationLandscapeLeft UIInterfaceOrientationLandscapeRight";
				LD_RUNPATH_SEARCH_PATHS = (
					"$(inherited)",
					"@executable_path/Frameworks",
				);
				MARKETING_VERSION = 1.0;
				PRODUCT_BUNDLE_IDENTIFIER = com.sanskar.Wasted;
				PRODUCT_NAME = "$(TARGET_NAME)";
				STRING_CATALOG_GENERATE_SYMBOLS = YES;
				SWIFT_APPROACHABLE_CONCURRENCY = YES;
				SWIFT_DEFAULT_ACTOR_ISOLATION = MainActor;
				SWIFT_EMIT_LOC_STRINGS = YES;
				SWIFT_UPCOMING_FEATURE_MEMBER_IMPORT_VISIBILITY = YES;
				SWIFT_VERSION = 5.0;
				TARGETED_DEVICE_FAMILY = "1,2";
			};
			name = Debug;
		};
		6953D9912FC5D22E00D38AF0 /* Release */ = {
			isa = XCBuildConfiguration;
			buildSettings = {
				ASSETCATALOG_COMPILER_APPICON_NAME = AppIcon;
				ASSETCATALOG_COMPILER_GLOBAL_ACCENT_COLOR_NAME = AccentColor;
				CODE_SIGN_ENTITLEMENTS = Wasted/Wasted.entitlements;
				CODE_SIGN_STYLE = Automatic;
				CURRENT_PROJECT_VERSION = 2;
				DEVELOPMENT_TEAM = ZZZ87SSQ8S;
				ENABLE_PREVIEWS = YES;
				GENERATE_INFOPLIST_FILE = YES;
				INFOPLIST_FILE = Info.plist;
				INFOPLIST_KEY_NSSupportsLiveActivities = YES;
				INFOPLIST_KEY_UIApplicationSceneManifest_Generation = YES;
				INFOPLIST_KEY_UIApplicationSupportsIndirectInputEvents = YES;
				INFOPLIST_KEY_UILaunchScreen_Generation = YES;
				INFOPLIST_KEY_UISupportedInterfaceOrientations_iPad = "UIInterfaceOrientationPortrait UIInterfaceOrientationPortraitUpsideDown UIInterfaceOrientationLandscapeLeft UIInterfaceOrientationLandscapeRight";
				INFOPLIST_KEY_UISupportedInterfaceOrientations_iPhone = "UIInterfaceOrientationPortrait UIInterfaceOrientationLandscapeLeft UIInterfaceOrientationLandscapeRight";
				LD_RUNPATH_SEARCH_PATHS = (
					"$(inherited)",
					"@executable_path/Frameworks",
				);
				MARKETING_VERSION = 1.0;
				PRODUCT_BUNDLE_IDENTIFIER = com.sanskar.Wasted;
				PRODUCT_NAME = "$(TARGET_NAME)";
				STRING_CATALOG_GENERATE_SYMBOLS = YES;
				SWIFT_APPROACHABLE_CONCURRENCY = YES;
				SWIFT_DEFAULT_ACTOR_ISOLATION = MainActor;
				SWIFT_EMIT_LOC_STRINGS = YES;
				SWIFT_UPCOMING_FEATURE_MEMBER_IMPORT_VISIBILITY = YES;
				SWIFT_VERSION = 5.0;
				TARGETED_DEVICE_FAMILY = "1,2";
			};
			name = Release;
		};
		6953D9A42FC5D31200D38AF0 /* Debug */ = {
			isa = XCBuildConfiguration;
			buildSettings = {
				CODE_SIGN_ENTITLEMENTS = DeviceActivityMonitorExt/DeviceActivityMonitorExt.entitlements;
				CODE_SIGN_STYLE = Automatic;
				CURRENT_PROJECT_VERSION = 2;
				DEVELOPMENT_TEAM = ZZZ87SSQ8S;
				GENERATE_INFOPLIST_FILE = YES;
				INFOPLIST_FILE = DeviceActivityMonitorExt/Info.plist;
				INFOPLIST_KEY_CFBundleDisplayName = DeviceActivityMonitorExt;
				INFOPLIST_KEY_NSHumanReadableCopyright = "";
				LD_RUNPATH_SEARCH_PATHS = (
					"$(inherited)",
					"@executable_path/Frameworks",
					"@executable_path/../../Frameworks",
				);
				MARKETING_VERSION = 1.0;
				PRODUCT_BUNDLE_IDENTIFIER = com.sanskar.Wasted.DeviceActivityMonitorExt;
				PRODUCT_NAME = "$(TARGET_NAME)";
				SKIP_INSTALL = YES;
				STRING_CATALOG_GENERATE_SYMBOLS = YES;
				SWIFT_APPROACHABLE_CONCURRENCY = YES;
				SWIFT_EMIT_LOC_STRINGS = YES;
				SWIFT_UPCOMING_FEATURE_MEMBER_IMPORT_VISIBILITY = YES;
				SWIFT_VERSION = 5.0;
				TARGETED_DEVICE_FAMILY = "1,2";
			};
			name = Debug;
		};
		6953D9A52FC5D31200D38AF0 /* Release */ = {
			isa = XCBuildConfiguration;
			buildSettings = {
				CODE_SIGN_ENTITLEMENTS = DeviceActivityMonitorExt/DeviceActivityMonitorExt.entitlements;
				CODE_SIGN_STYLE = Automatic;
				CURRENT_PROJECT_VERSION = 2;
				DEVELOPMENT_TEAM = ZZZ87SSQ8S;
				GENERATE_INFOPLIST_FILE = YES;
				INFOPLIST_FILE = DeviceActivityMonitorExt/Info.plist;
				INFOPLIST_KEY_CFBundleDisplayName = DeviceActivityMonitorExt;
				INFOPLIST_KEY_NSHumanReadableCopyright = "";
				LD_RUNPATH_SEARCH_PATHS = (
					"$(inherited)",
					"@executable_path/Frameworks",
					"@executable_path/../../Frameworks",
				);
				MARKETING_VERSION = 1.0;
				PRODUCT_BUNDLE_IDENTIFIER = com.sanskar.Wasted.DeviceActivityMonitorExt;
				PRODUCT_NAME = "$(TARGET_NAME)";
				SKIP_INSTALL = YES;
				STRING_CATALOG_GENERATE_SYMBOLS = YES;
				SWIFT_APPROACHABLE_CONCURRENCY = YES;
				SWIFT_EMIT_LOC_STRINGS = YES;
				SWIFT_UPCOMING_FEATURE_MEMBER_IMPORT_VISIBILITY = YES;
				SWIFT_VERSION = 5.0;
				TARGETED_DEVICE_FAMILY = "1,2";
			};
			name = Release;
		};
		6953D9C32FC5D36B00D38AF0 /* Debug */ = {
			isa = XCBuildConfiguration;
			buildSettings = {
				ASSETCATALOG_COMPILER_GLOBAL_ACCENT_COLOR_NAME = AccentColor;
				ASSETCATALOG_COMPILER_WIDGET_BACKGROUND_COLOR_NAME = WidgetBackground;
				CODE_SIGN_ENTITLEMENTS = LiveActivityExt/LiveActivityExt.entitlements;
				CODE_SIGN_STYLE = Automatic;
				CURRENT_PROJECT_VERSION = 2;
				DEVELOPMENT_TEAM = ZZZ87SSQ8S;
				GENERATE_INFOPLIST_FILE = YES;
				INFOPLIST_FILE = LiveActivityExt/Info.plist;
				INFOPLIST_KEY_CFBundleDisplayName = LiveActivityExt;
				INFOPLIST_KEY_NSHumanReadableCopyright = "";
				LD_RUNPATH_SEARCH_PATHS = (
					"$(inherited)",
					"@executable_path/Frameworks",
					"@executable_path/../../Frameworks",
				);
				MARKETING_VERSION = 1.0;
				PRODUCT_BUNDLE_IDENTIFIER = com.sanskar.Wasted.LiveActivityExt;
				PRODUCT_NAME = "$(TARGET_NAME)";
				SKIP_INSTALL = YES;
				STRING_CATALOG_GENERATE_SYMBOLS = YES;
				SWIFT_APPROACHABLE_CONCURRENCY = YES;
				SWIFT_EMIT_LOC_STRINGS = YES;
				SWIFT_UPCOMING_FEATURE_MEMBER_IMPORT_VISIBILITY = YES;
				SWIFT_VERSION = 5.0;
				TARGETED_DEVICE_FAMILY = "1,2";
			};
			name = Debug;
		};
		6953D9C42FC5D36B00D38AF0 /* Release */ = {
			isa = XCBuildConfiguration;
			buildSettings = {
				ASSETCATALOG_COMPILER_GLOBAL_ACCENT_COLOR_NAME = AccentColor;
				ASSETCATALOG_COMPILER_WIDGET_BACKGROUND_COLOR_NAME = WidgetBackground;
				CODE_SIGN_ENTITLEMENTS = LiveActivityExt/LiveActivityExt.entitlements;
				CODE_SIGN_STYLE = Automatic;
				CURRENT_PROJECT_VERSION = 2;
				DEVELOPMENT_TEAM = ZZZ87SSQ8S;
				GENERATE_INFOPLIST_FILE = YES;
				INFOPLIST_FILE = LiveActivityExt/Info.plist;
				INFOPLIST_KEY_CFBundleDisplayName = LiveActivityExt;
				INFOPLIST_KEY_NSHumanReadableCopyright = "";
				LD_RUNPATH_SEARCH_PATHS = (
					"$(inherited)",
					"@executable_path/Frameworks",
					"@executable_path/../../Frameworks",
				);
				MARKETING_VERSION = 1.0;
				PRODUCT_BUNDLE_IDENTIFIER = com.sanskar.Wasted.LiveActivityExt;
				PRODUCT_NAME = "$(TARGET_NAME)";
				SKIP_INSTALL = YES;
				STRING_CATALOG_GENERATE_SYMBOLS = YES;
				SWIFT_APPROACHABLE_CONCURRENCY = YES;
				SWIFT_EMIT_LOC_STRINGS = YES;
				SWIFT_UPCOMING_FEATURE_MEMBER_IMPORT_VISIBILITY = YES;
				SWIFT_VERSION = 5.0;
				TARGETED_DEVICE_FAMILY = "1,2";
			};
			name = Release;
		};
		6953D9D02FC5D3C200D38AF0 /* Debug */ = {
			isa = XCBuildConfiguration;
			buildSettings = {
				BUNDLE_LOADER = "$(TEST_HOST)";
				CODE_SIGN_STYLE = Automatic;
				CURRENT_PROJECT_VERSION = 2;
				DEVELOPMENT_TEAM = ZZZ87SSQ8S;
				GENERATE_INFOPLIST_FILE = YES;
				MARKETING_VERSION = 1.0;
				PRODUCT_BUNDLE_IDENTIFIER = com.sanskar.Wasted.WastedTests;
				PRODUCT_NAME = "$(TARGET_NAME)";
				STRING_CATALOG_GENERATE_SYMBOLS = NO;
				SWIFT_APPROACHABLE_CONCURRENCY = YES;
				SWIFT_EMIT_LOC_STRINGS = NO;
				SWIFT_UPCOMING_FEATURE_MEMBER_IMPORT_VISIBILITY = YES;
				SWIFT_VERSION = 5.0;
				TARGETED_DEVICE_FAMILY = "1,2";
				TEST_HOST = "$(BUILT_PRODUCTS_DIR)/Wasted.app/$(BUNDLE_EXECUTABLE_FOLDER_PATH)/Wasted";
			};
			name = Debug;
		};
		6953D9D12FC5D3C200D38AF0 /* Release */ = {
			isa = XCBuildConfiguration;
			buildSettings = {
				BUNDLE_LOADER = "$(TEST_HOST)";
				CODE_SIGN_STYLE = Automatic;
				CURRENT_PROJECT_VERSION = 2;
				DEVELOPMENT_TEAM = ZZZ87SSQ8S;
				GENERATE_INFOPLIST_FILE = YES;
				MARKETING_VERSION = 1.0;
				PRODUCT_BUNDLE_IDENTIFIER = com.sanskar.Wasted.WastedTests;
				PRODUCT_NAME = "$(TARGET_NAME)";
				STRING_CATALOG_GENERATE_SYMBOLS = NO;
				SWIFT_APPROACHABLE_CONCURRENCY = YES;
				SWIFT_EMIT_LOC_STRINGS = NO;
				SWIFT_UPCOMING_FEATURE_MEMBER_IMPORT_VISIBILITY = YES;
				SWIFT_VERSION = 5.0;
				TARGETED_DEVICE_FAMILY = "1,2";
				TEST_HOST = "$(BUILT_PRODUCTS_DIR)/Wasted.app/$(BUNDLE_EXECUTABLE_FOLDER_PATH)/Wasted";
			};
			name = Release;
		};
/* End XCBuildConfiguration section */

/* Begin XCConfigurationList section */
		6900EEE33002936F0005A39E /* Build configuration list for PBXNativeTarget "WastedWidgetsExtension" */ = {
			isa = XCConfigurationList;
			buildConfigurations = (
				6900EEE03002936F0005A39E /* Debug */,
				6900EEE13002936F0005A39E /* Release */,
			);
			defaultConfigurationIsVisible = 0;
			defaultConfigurationName = Release;
		};
		6953D97F2FC5D22B00D38AF0 /* Build configuration list for PBXProject "Wasted" */ = {
			isa = XCConfigurationList;
			buildConfigurations = (
				6953D98D2FC5D22E00D38AF0 /* Debug */,
				6953D98E2FC5D22E00D38AF0 /* Release */,
			);
			defaultConfigurationIsVisible = 0;
			defaultConfigurationName = Release;
		};
		6953D98F2FC5D22E00D38AF0 /* Build configuration list for PBXNativeTarget "Wasted" */ = {
			isa = XCConfigurationList;
			buildConfigurations = (
				6953D9902FC5D22E00D38AF0 /* Debug */,
				6953D9912FC5D22E00D38AF0 /* Release */,
			);
			defaultConfigurationIsVisible = 0;
			defaultConfigurationName = Release;
		};
		6953D9A32FC5D31200D38AF0 /* Build configuration list for PBXNativeTarget "DeviceActivityMonitorExt" */ = {
			isa = XCConfigurationList;
			buildConfigurations = (
				6953D9A42FC5D31200D38AF0 /* Debug */,
				6953D9A52FC5D31200D38AF0 /* Release */,
			);
			defaultConfigurationIsVisible = 0;
			defaultConfigurationName = Release;
		};
		6953D9C22FC5D36B00D38AF0 /* Build configuration list for PBXNativeTarget "LiveActivityExtExtension" */ = {
			isa = XCConfigurationList;
			buildConfigurations = (
				6953D9C32FC5D36B00D38AF0 /* Debug */,
				6953D9C42FC5D36B00D38AF0 /* Release */,
			);
			defaultConfigurationIsVisible = 0;
			defaultConfigurationName = Release;
		};
		6953D9CF2FC5D3C200D38AF0 /* Build configuration list for PBXNativeTarget "WastedTests" */ = {
			isa = XCConfigurationList;
			buildConfigurations = (
				6953D9D02FC5D3C200D38AF0 /* Debug */,
				6953D9D12FC5D3C200D38AF0 /* Release */,
			);
			defaultConfigurationIsVisible = 0;
			defaultConfigurationName = Release;
		};
/* End XCConfigurationList section */
	};
	rootObject = 6953D97C2FC5D22B00D38AF0 /* Project object */;
}
